<?xml version="1.0" encoding="utf-8"?>
<Project ToolsVersion="4.0" xmlns="http://schemas.microsoft.com/developer/msbuild/2003">
  <ItemGroup>
    <Filter Include="graph">
      <UniqueIdentifier>{5d295a2f-a973-422d-96d7-50369fd9942c}</UniqueIdentifier>
    </Filter>
  </ItemGroup>
  <ItemGroup>
    <ClInclude Include="..\src\graph\bipartite_graph_maximum_matching.h">
      <Filter>graph</Filter>
    </ClInclude>
    <ClInclude Include="..\src\graph\point_in_polygon.h">
      <Filter>graph</Filter>
    </ClInclude>
  </ItemGroup>
</Project>