
Microsoft Visual Studio Solution File, Format Version 12.00
# Visual Studio 15
VisualStudioVersion = 15.0.33801.198
MinimumVisualStudioVersion = 10.0.40219.1
Project("{8BC9CEB8-8B4A-11D0-8D11-00A0C91BC942}") = "AlgorithmPractice", "AlgorithmPractice\AlgorithmPractice.vcxproj", "{EB9B39F3-DD0A-4D53-B36A-51AB019BAC64}"
EndProject
Project("{8BC9CEB8-8B4A-11D0-8D11-00A0C91BC942}") = "AlgorithmPracticeUTest", "AlgorithmPracticeUTest\AlgorithmPracticeUTest.vcxproj", "{10CAE74B-4724-4793-A222-22B5654F90FD}"
EndProject
Global
	GlobalSection(SolutionConfigurationPlatforms) = preSolution
		Debug|x64 = Debug|x64
		Debug|x86 = Debug|x86
		Release|x64 = Release|x64
		Release|x86 = Release|x86
	EndGlobalSection
	GlobalSection(ProjectConfigurationPlatforms) = postSolution
		{EB9B39F3-DD0A-4D53-B36A-51AB019BAC64}.Debug|x64.ActiveCfg = Debug|x64
		{EB9B39F3-DD0A-4D53-B36A-51AB019BAC64}.Debug|x64.Build.0 = Debug|x64
		{EB9B39F3-DD0A-4D53-B36A-51AB019BAC64}.Debug|x86.ActiveCfg = Debug|Win32
		{EB9B39F3-DD0A-4D53-B36A-51AB019BAC64}.Debug|x86.Build.0 = Debug|Win32
		{EB9B39F3-DD0A-4D53-B36A-51AB019BAC64}.Release|x64.ActiveCfg = Release|x64
		{EB9B39F3-DD0A-4D53-B36A-51AB019BAC64}.Release|x64.Build.0 = Release|x64
		{EB9B39F3-DD0A-4D53-B36A-51AB019BAC64}.Release|x86.ActiveCfg = Release|Win32
		{EB9B39F3-DD0A-4D53-B36A-51AB019BAC64}.Release|x86.Build.0 = Release|Win32
		{10CAE74B-4724-4793-A222-22B5654F90FD}.Debug|x64.ActiveCfg = Debug|x64
		{10CAE74B-4724-4793-A222-22B5654F90FD}.Debug|x64.Build.0 = Debug|x64
		{10CAE74B-4724-4793-A222-22B5654F90FD}.Debug|x86.ActiveCfg = Debug|Win32
		{10CAE74B-4724-4793-A222-22B5654F90FD}.Debug|x86.Build.0 = Debug|Win32
		{10CAE74B-4724-4793-A222-22B5654F90FD}.Release|x64.ActiveCfg = Release|x64
		{10CAE74B-4724-4793-A222-22B5654F90FD}.Release|x64.Build.0 = Release|x64
		{10CAE74B-4724-4793-A222-22B5654F90FD}.Release|x86.ActiveCfg = Release|Win32
		{10CAE74B-4724-4793-A222-22B5654F90FD}.Release|x86.Build.0 = Release|Win32
	EndGlobalSection
	GlobalSection(SolutionProperties) = preSolution
		HideSolutionNode = FALSE
	EndGlobalSection
	GlobalSection(ExtensibilityGlobals) = postSolution
		SolutionGuid = {919E80F3-F7C9-480E-B72F-793F8E1EB4DD}
	EndGlobalSection
EndGlobal
